
Microsoft Visual Studio Solution File, Format Version 12.00
# Visual Studio Version 16
VisualStudioVersion = 16.0.30330.147
MinimumVisualStudioVersion = 10.0.40219.1
Project("{FAE04EC0-301F-11D3-BF4B-00C04F79EFBC}") = "exerc1075URI", "exerc1075URI\exerc1075URI.csproj", "{56612324-1DCF-4880-B5A3-26720C1FEACD}"
EndProject
Global
	GlobalSection(SolutionConfigurationPlatforms) = preSolution
		Debug|Any CPU = Debug|Any CPU
		Release|Any CPU = Release|Any CPU
	EndGlobalSection
	GlobalSection(ProjectConfigurationPlatforms) = postSolution
		{56612324-1DCF-4880-B5A3-26720C1FEACD}.Debug|Any CPU.ActiveCfg = Debug|Any CPU
		{56612324-1DCF-4880-B5A3-26720C1FEACD}.Debug|Any CPU.Build.0 = Debug|Any CPU
		{56612324-1DCF-4880-B5A3-26720C1FEACD}.Release|Any CPU.ActiveCfg = Release|Any CPU
		{56612324-1DCF-4880-B5A3-26720C1FEACD}.Release|Any CPU.Build.0 = Release|Any CPU
	EndGlobalSection
	GlobalSection(SolutionProperties) = preSolution
		HideSolutionNode = FALSE
	EndGlobalSection
	GlobalSection(ExtensibilityGlobals) = postSolution
		SolutionGuid = {92F442A6-0821-4E88-9863-5379940F5CE2}
	EndGlobalSection
EndGlobal
