
Microsoft Visual Studio Solution File, Format Version 12.00
# Visual Studio Version 16
VisualStudioVersion = 16.0.30320.27
MinimumVisualStudioVersion = 10.0.40219.1
Project("{FAE04EC0-301F-11D3-BF4B-00C04F79EFBC}") = "exerc1008URI", "exerc1008URI\exerc1008URI.csproj", "{5CE7BF23-0465-432A-AE99-A6E254BAEBDC}"
EndProject
Global
	GlobalSection(SolutionConfigurationPlatforms) = preSolution
		Debug|Any CPU = Debug|Any CPU
		Release|Any CPU = Release|Any CPU
	EndGlobalSection
	GlobalSection(ProjectConfigurationPlatforms) = postSolution
		{5CE7BF23-0465-432A-AE99-A6E254BAEBDC}.Debug|Any CPU.ActiveCfg = Debug|Any CPU
		{5CE7BF23-0465-432A-AE99-A6E254BAEBDC}.Debug|Any CPU.Build.0 = Debug|Any CPU
		{5CE7BF23-0465-432A-AE99-A6E254BAEBDC}.Release|Any CPU.ActiveCfg = Release|Any CPU
		{5CE7BF23-0465-432A-AE99-A6E254BAEBDC}.Release|Any CPU.Build.0 = Release|Any CPU
	EndGlobalSection
	GlobalSection(SolutionProperties) = preSolution
		HideSolutionNode = FALSE
	EndGlobalSection
	GlobalSection(ExtensibilityGlobals) = postSolution
		SolutionGuid = {E154D8CE-F45D-4213-861A-AAB72C4D3B7D}
	EndGlobalSection
EndGlobal
