
Microsoft Visual Studio Solution File, Format Version 12.00
# Visual Studio Version 16
VisualStudioVersion = 16.0.30320.27
MinimumVisualStudioVersion = 10.0.40219.1
Project("{FAE04EC0-301F-11D3-BF4B-00C04F79EFBC}") = "exerc1017URI", "exerc1017URI\exerc1017URI.csproj", "{83F87213-147F-45CF-9C18-AC77CC9AD6BB}"
EndProject
Global
	GlobalSection(SolutionConfigurationPlatforms) = preSolution
		Debug|Any CPU = Debug|Any CPU
		Release|Any CPU = Release|Any CPU
	EndGlobalSection
	GlobalSection(ProjectConfigurationPlatforms) = postSolution
		{83F87213-147F-45CF-9C18-AC77CC9AD6BB}.Debug|Any CPU.ActiveCfg = Debug|Any CPU
		{83F87213-147F-45CF-9C18-AC77CC9AD6BB}.Debug|Any CPU.Build.0 = Debug|Any CPU
		{83F87213-147F-45CF-9C18-AC77CC9AD6BB}.Release|Any CPU.ActiveCfg = Release|Any CPU
		{83F87213-147F-45CF-9C18-AC77CC9AD6BB}.Release|Any CPU.Build.0 = Release|Any CPU
	EndGlobalSection
	GlobalSection(SolutionProperties) = preSolution
		HideSolutionNode = FALSE
	EndGlobalSection
	GlobalSection(ExtensibilityGlobals) = postSolution
		SolutionGuid = {888E593E-2B34-4C53-AC1E-8E5188CAE471}
	EndGlobalSection
EndGlobal
