
Microsoft Visual Studio Solution File, Format Version 12.00
# Visual Studio Version 16
VisualStudioVersion = 16.0.30330.147
MinimumVisualStudioVersion = 10.0.40219.1
Project("{FAE04EC0-301F-11D3-BF4B-00C04F79EFBC}") = "exerc1035URI", "exerc1035URI\exerc1035URI.csproj", "{D5B4A9A3-0FDE-4DB7-8CDD-67A38605C77F}"
EndProject
Global
	GlobalSection(SolutionConfigurationPlatforms) = preSolution
		Debug|Any CPU = Debug|Any CPU
		Release|Any CPU = Release|Any CPU
	EndGlobalSection
	GlobalSection(ProjectConfigurationPlatforms) = postSolution
		{D5B4A9A3-0FDE-4DB7-8CDD-67A38605C77F}.Debug|Any CPU.ActiveCfg = Debug|Any CPU
		{D5B4A9A3-0FDE-4DB7-8CDD-67A38605C77F}.Debug|Any CPU.Build.0 = Debug|Any CPU
		{D5B4A9A3-0FDE-4DB7-8CDD-67A38605C77F}.Release|Any CPU.ActiveCfg = Release|Any CPU
		{D5B4A9A3-0FDE-4DB7-8CDD-67A38605C77F}.Release|Any CPU.Build.0 = Release|Any CPU
	EndGlobalSection
	GlobalSection(SolutionProperties) = preSolution
		HideSolutionNode = FALSE
	EndGlobalSection
	GlobalSection(ExtensibilityGlobals) = postSolution
		SolutionGuid = {EFB7A8E7-6081-4A31-A5B0-6F43BFABDE75}
	EndGlobalSection
EndGlobal
