
Microsoft Visual Studio Solution File, Format Version 12.00
# Visual Studio Version 16
VisualStudioVersion = 16.0.30330.147
MinimumVisualStudioVersion = 10.0.40219.1
Project("{FAE04EC0-301F-11D3-BF4B-00C04F79EFBC}") = "exercResol03Sec6", "exercResol03Sec6\exercResol03Sec6.csproj", "{D55FB181-CF4D-4105-B28D-34E8142C96DA}"
EndProject
Global
	GlobalSection(SolutionConfigurationPlatforms) = preSolution
		Debug|Any CPU = Debug|Any CPU
		Release|Any CPU = Release|Any CPU
	EndGlobalSection
	GlobalSection(ProjectConfigurationPlatforms) = postSolution
		{D55FB181-CF4D-4105-B28D-34E8142C96DA}.Debug|Any CPU.ActiveCfg = Debug|Any CPU
		{D55FB181-CF4D-4105-B28D-34E8142C96DA}.Debug|Any CPU.Build.0 = Debug|Any CPU
		{D55FB181-CF4D-4105-B28D-34E8142C96DA}.Release|Any CPU.ActiveCfg = Release|Any CPU
		{D55FB181-CF4D-4105-B28D-34E8142C96DA}.Release|Any CPU.Build.0 = Release|Any CPU
	EndGlobalSection
	GlobalSection(SolutionProperties) = preSolution
		HideSolutionNode = FALSE
	EndGlobalSection
	GlobalSection(ExtensibilityGlobals) = postSolution
		SolutionGuid = {F0203C56-902B-4F93-8EE0-3C1C171AACD1}
	EndGlobalSection
EndGlobal
