
Microsoft Visual Studio Solution File, Format Version 12.00
# Visual Studio Version 16
VisualStudioVersion = 16.0.30320.27
MinimumVisualStudioVersion = 10.0.40219.1
Project("{FAE04EC0-301F-11D3-BF4B-00C04F79EFBC}") = "exerc1020URI", "exerc1020URI\exerc1020URI.csproj", "{99F021AE-38E9-41EC-B7FB-78C361C8CFED}"
EndProject
Global
	GlobalSection(SolutionConfigurationPlatforms) = preSolution
		Debug|Any CPU = Debug|Any CPU
		Release|Any CPU = Release|Any CPU
	EndGlobalSection
	GlobalSection(ProjectConfigurationPlatforms) = postSolution
		{99F021AE-38E9-41EC-B7FB-78C361C8CFED}.Debug|Any CPU.ActiveCfg = Debug|Any CPU
		{99F021AE-38E9-41EC-B7FB-78C361C8CFED}.Debug|Any CPU.Build.0 = Debug|Any CPU
		{99F021AE-38E9-41EC-B7FB-78C361C8CFED}.Release|Any CPU.ActiveCfg = Release|Any CPU
		{99F021AE-38E9-41EC-B7FB-78C361C8CFED}.Release|Any CPU.Build.0 = Release|Any CPU
	EndGlobalSection
	GlobalSection(SolutionProperties) = preSolution
		HideSolutionNode = FALSE
	EndGlobalSection
	GlobalSection(ExtensibilityGlobals) = postSolution
		SolutionGuid = {75C30A93-9CE1-473B-8A9D-876B4F41979B}
	EndGlobalSection
EndGlobal
