
Microsoft Visual Studio Solution File, Format Version 12.00
# Visual Studio Version 16
VisualStudioVersion = 16.0.30330.147
MinimumVisualStudioVersion = 10.0.40219.1
Project("{FAE04EC0-301F-11D3-BF4B-00C04F79EFBC}") = "exercResol01Sec7", "exercResol01Sec7\exercResol01Sec7.csproj", "{E0CA6F06-3328-418E-954B-B81DEF6A606F}"
EndProject
Global
	GlobalSection(SolutionConfigurationPlatforms) = preSolution
		Debug|Any CPU = Debug|Any CPU
		Release|Any CPU = Release|Any CPU
	EndGlobalSection
	GlobalSection(ProjectConfigurationPlatforms) = postSolution
		{E0CA6F06-3328-418E-954B-B81DEF6A606F}.Debug|Any CPU.ActiveCfg = Debug|Any CPU
		{E0CA6F06-3328-418E-954B-B81DEF6A606F}.Debug|Any CPU.Build.0 = Debug|Any CPU
		{E0CA6F06-3328-418E-954B-B81DEF6A606F}.Release|Any CPU.ActiveCfg = Release|Any CPU
		{E0CA6F06-3328-418E-954B-B81DEF6A606F}.Release|Any CPU.Build.0 = Release|Any CPU
	EndGlobalSection
	GlobalSection(SolutionProperties) = preSolution
		HideSolutionNode = FALSE
	EndGlobalSection
	GlobalSection(ExtensibilityGlobals) = postSolution
		SolutionGuid = {87B13AE0-3023-4F5A-AF2A-AA7ED6AB143E}
	EndGlobalSection
EndGlobal
