
Microsoft Visual Studio Solution File, Format Version 12.00
# Visual Studio Version 16
VisualStudioVersion = 16.0.30320.27
MinimumVisualStudioVersion = 10.0.40219.1
Project("{FAE04EC0-301F-11D3-BF4B-00C04F79EFBC}") = "exerc1013URI", "exerc1013URI\exerc1013URI.csproj", "{5D4D3BAC-1254-4127-8053-ABB7A853B808}"
EndProject
Global
	GlobalSection(SolutionConfigurationPlatforms) = preSolution
		Debug|Any CPU = Debug|Any CPU
		Release|Any CPU = Release|Any CPU
	EndGlobalSection
	GlobalSection(ProjectConfigurationPlatforms) = postSolution
		{5D4D3BAC-1254-4127-8053-ABB7A853B808}.Debug|Any CPU.ActiveCfg = Debug|Any CPU
		{5D4D3BAC-1254-4127-8053-ABB7A853B808}.Debug|Any CPU.Build.0 = Debug|Any CPU
		{5D4D3BAC-1254-4127-8053-ABB7A853B808}.Release|Any CPU.ActiveCfg = Release|Any CPU
		{5D4D3BAC-1254-4127-8053-ABB7A853B808}.Release|Any CPU.Build.0 = Release|Any CPU
	EndGlobalSection
	GlobalSection(SolutionProperties) = preSolution
		HideSolutionNode = FALSE
	EndGlobalSection
	GlobalSection(ExtensibilityGlobals) = postSolution
		SolutionGuid = {420F6874-313C-4AB3-A619-722298483D61}
	EndGlobalSection
EndGlobal
