
Microsoft Visual Studio Solution File, Format Version 12.00
# Visual Studio Version 16
VisualStudioVersion = 16.0.30330.147
MinimumVisualStudioVersion = 10.0.40219.1
Project("{FAE04EC0-301F-11D3-BF4B-00C04F79EFBC}") = "exercPropost06Matriz", "exercPropost06Matriz\exercPropost06Matriz.csproj", "{682C14FB-F8D8-44E3-9AB5-2895C12D3C36}"
EndProject
Global
	GlobalSection(SolutionConfigurationPlatforms) = preSolution
		Debug|Any CPU = Debug|Any CPU
		Release|Any CPU = Release|Any CPU
	EndGlobalSection
	GlobalSection(ProjectConfigurationPlatforms) = postSolution
		{682C14FB-F8D8-44E3-9AB5-2895C12D3C36}.Debug|Any CPU.ActiveCfg = Debug|Any CPU
		{682C14FB-F8D8-44E3-9AB5-2895C12D3C36}.Debug|Any CPU.Build.0 = Debug|Any CPU
		{682C14FB-F8D8-44E3-9AB5-2895C12D3C36}.Release|Any CPU.ActiveCfg = Release|Any CPU
		{682C14FB-F8D8-44E3-9AB5-2895C12D3C36}.Release|Any CPU.Build.0 = Release|Any CPU
	EndGlobalSection
	GlobalSection(SolutionProperties) = preSolution
		HideSolutionNode = FALSE
	EndGlobalSection
	GlobalSection(ExtensibilityGlobals) = postSolution
		SolutionGuid = {B24C0A29-4BA7-44DF-BAB0-A6039F771D5C}
	EndGlobalSection
EndGlobal
