
Microsoft Visual Studio Solution File, Format Version 12.00
# Visual Studio Version 16
VisualStudioVersion = 16.0.30330.147
MinimumVisualStudioVersion = 10.0.40219.1
Project("{FAE04EC0-301F-11D3-BF4B-00C04F79EFBC}") = "exerc1052URI", "exerc1052URI\exerc1052URI.csproj", "{C51045C3-AFA7-4F02-9520-2E5AE57FB043}"
EndProject
Global
	GlobalSection(SolutionConfigurationPlatforms) = preSolution
		Debug|Any CPU = Debug|Any CPU
		Release|Any CPU = Release|Any CPU
	EndGlobalSection
	GlobalSection(ProjectConfigurationPlatforms) = postSolution
		{C51045C3-AFA7-4F02-9520-2E5AE57FB043}.Debug|Any CPU.ActiveCfg = Debug|Any CPU
		{C51045C3-AFA7-4F02-9520-2E5AE57FB043}.Debug|Any CPU.Build.0 = Debug|Any CPU
		{C51045C3-AFA7-4F02-9520-2E5AE57FB043}.Release|Any CPU.ActiveCfg = Release|Any CPU
		{C51045C3-AFA7-4F02-9520-2E5AE57FB043}.Release|Any CPU.Build.0 = Release|Any CPU
	EndGlobalSection
	GlobalSection(SolutionProperties) = preSolution
		HideSolutionNode = FALSE
	EndGlobalSection
	GlobalSection(ExtensibilityGlobals) = postSolution
		SolutionGuid = {99AE81B6-CDE3-4769-B281-D7A661C7BF7B}
	EndGlobalSection
EndGlobal
