
Microsoft Visual Studio Solution File, Format Version 12.00
# Visual Studio Version 16
VisualStudioVersion = 16.0.30320.27
MinimumVisualStudioVersion = 10.0.40219.1
Project("{FAE04EC0-301F-11D3-BF4B-00C04F79EFBC}") = "exerc1010URI", "exerc1010URI\exerc1010URI.csproj", "{43BB5A61-BAC2-49FE-AEC5-940361463D8D}"
EndProject
Global
	GlobalSection(SolutionConfigurationPlatforms) = preSolution
		Debug|Any CPU = Debug|Any CPU
		Release|Any CPU = Release|Any CPU
	EndGlobalSection
	GlobalSection(ProjectConfigurationPlatforms) = postSolution
		{43BB5A61-BAC2-49FE-AEC5-940361463D8D}.Debug|Any CPU.ActiveCfg = Debug|Any CPU
		{43BB5A61-BAC2-49FE-AEC5-940361463D8D}.Debug|Any CPU.Build.0 = Debug|Any CPU
		{43BB5A61-BAC2-49FE-AEC5-940361463D8D}.Release|Any CPU.ActiveCfg = Release|Any CPU
		{43BB5A61-BAC2-49FE-AEC5-940361463D8D}.Release|Any CPU.Build.0 = Release|Any CPU
	EndGlobalSection
	GlobalSection(SolutionProperties) = preSolution
		HideSolutionNode = FALSE
	EndGlobalSection
	GlobalSection(ExtensibilityGlobals) = postSolution
		SolutionGuid = {F84CEAB6-C6AA-4552-9AE0-726C7151A962}
	EndGlobalSection
EndGlobal
