
Microsoft Visual Studio Solution File, Format Version 12.00
# Visual Studio Version 16
VisualStudioVersion = 16.0.30320.27
MinimumVisualStudioVersion = 10.0.40219.1
Project("{FAE04EC0-301F-11D3-BF4B-00C04F79EFBC}") = "exercFixacao1", "exercFixacao1\exercFixacao1.csproj", "{51BA16BD-3139-4676-8621-788CACB9BFBC}"
EndProject
Global
	GlobalSection(SolutionConfigurationPlatforms) = preSolution
		Debug|Any CPU = Debug|Any CPU
		Release|Any CPU = Release|Any CPU
	EndGlobalSection
	GlobalSection(ProjectConfigurationPlatforms) = postSolution
		{51BA16BD-3139-4676-8621-788CACB9BFBC}.Debug|Any CPU.ActiveCfg = Debug|Any CPU
		{51BA16BD-3139-4676-8621-788CACB9BFBC}.Debug|Any CPU.Build.0 = Debug|Any CPU
		{51BA16BD-3139-4676-8621-788CACB9BFBC}.Release|Any CPU.ActiveCfg = Release|Any CPU
		{51BA16BD-3139-4676-8621-788CACB9BFBC}.Release|Any CPU.Build.0 = Release|Any CPU
	EndGlobalSection
	GlobalSection(SolutionProperties) = preSolution
		HideSolutionNode = FALSE
	EndGlobalSection
	GlobalSection(ExtensibilityGlobals) = postSolution
		SolutionGuid = {C725C321-6000-45CE-8FF8-B42EA4419837}
	EndGlobalSection
EndGlobal
