
Microsoft Visual Studio Solution File, Format Version 12.00
# Visual Studio Version 16
VisualStudioVersion = 16.0.30330.147
MinimumVisualStudioVersion = 10.0.40219.1
Project("{FAE04EC0-301F-11D3-BF4B-00C04F79EFBC}") = "exercPropostVet03", "exercPropostVet03\exercPropostVet03.csproj", "{EAAEBE16-1430-4341-AA8A-04994E9D6DDD}"
EndProject
Global
	GlobalSection(SolutionConfigurationPlatforms) = preSolution
		Debug|Any CPU = Debug|Any CPU
		Release|Any CPU = Release|Any CPU
	EndGlobalSection
	GlobalSection(ProjectConfigurationPlatforms) = postSolution
		{EAAEBE16-1430-4341-AA8A-04994E9D6DDD}.Debug|Any CPU.ActiveCfg = Debug|Any CPU
		{EAAEBE16-1430-4341-AA8A-04994E9D6DDD}.Debug|Any CPU.Build.0 = Debug|Any CPU
		{EAAEBE16-1430-4341-AA8A-04994E9D6DDD}.Release|Any CPU.ActiveCfg = Release|Any CPU
		{EAAEBE16-1430-4341-AA8A-04994E9D6DDD}.Release|Any CPU.Build.0 = Release|Any CPU
	EndGlobalSection
	GlobalSection(SolutionProperties) = preSolution
		HideSolutionNode = FALSE
	EndGlobalSection
	GlobalSection(ExtensibilityGlobals) = postSolution
		SolutionGuid = {D89D745E-4B5D-402B-AB9E-6278F9FC1CCB}
	EndGlobalSection
EndGlobal
