
Microsoft Visual Studio Solution File, Format Version 12.00
# Visual Studio Version 16
VisualStudioVersion = 16.0.30330.147
MinimumVisualStudioVersion = 10.0.40219.1
Project("{FAE04EC0-301F-11D3-BF4B-00C04F79EFBC}") = "exercPropost04Matriz", "exercPropost04Matriz\exercPropost04Matriz.csproj", "{B4CA7F7F-27CE-4C6C-89BE-B15FAAECD9BC}"
EndProject
Global
	GlobalSection(SolutionConfigurationPlatforms) = preSolution
		Debug|Any CPU = Debug|Any CPU
		Release|Any CPU = Release|Any CPU
	EndGlobalSection
	GlobalSection(ProjectConfigurationPlatforms) = postSolution
		{B4CA7F7F-27CE-4C6C-89BE-B15FAAECD9BC}.Debug|Any CPU.ActiveCfg = Debug|Any CPU
		{B4CA7F7F-27CE-4C6C-89BE-B15FAAECD9BC}.Debug|Any CPU.Build.0 = Debug|Any CPU
		{B4CA7F7F-27CE-4C6C-89BE-B15FAAECD9BC}.Release|Any CPU.ActiveCfg = Release|Any CPU
		{B4CA7F7F-27CE-4C6C-89BE-B15FAAECD9BC}.Release|Any CPU.Build.0 = Release|Any CPU
	EndGlobalSection
	GlobalSection(SolutionProperties) = preSolution
		HideSolutionNode = FALSE
	EndGlobalSection
	GlobalSection(ExtensibilityGlobals) = postSolution
		SolutionGuid = {18F148DC-F045-4295-94B6-CEDF0D4F7410}
	EndGlobalSection
EndGlobal
