
Microsoft Visual Studio Solution File, Format Version 12.00
# Visual Studio Version 16
VisualStudioVersion = 16.0.30330.147
MinimumVisualStudioVersion = 10.0.40219.1
Project("{FAE04EC0-301F-11D3-BF4B-00C04F79EFBC}") = "exerc1037URI", "exerc1037URI\exerc1037URI.csproj", "{F83CB143-3038-451A-9781-02B0F4385ACF}"
EndProject
Global
	GlobalSection(SolutionConfigurationPlatforms) = preSolution
		Debug|Any CPU = Debug|Any CPU
		Release|Any CPU = Release|Any CPU
	EndGlobalSection
	GlobalSection(ProjectConfigurationPlatforms) = postSolution
		{F83CB143-3038-451A-9781-02B0F4385ACF}.Debug|Any CPU.ActiveCfg = Debug|Any CPU
		{F83CB143-3038-451A-9781-02B0F4385ACF}.Debug|Any CPU.Build.0 = Debug|Any CPU
		{F83CB143-3038-451A-9781-02B0F4385ACF}.Release|Any CPU.ActiveCfg = Release|Any CPU
		{F83CB143-3038-451A-9781-02B0F4385ACF}.Release|Any CPU.Build.0 = Release|Any CPU
	EndGlobalSection
	GlobalSection(SolutionProperties) = preSolution
		HideSolutionNode = FALSE
	EndGlobalSection
	GlobalSection(ExtensibilityGlobals) = postSolution
		SolutionGuid = {202028A5-6EA8-4CDE-AFAB-16B99F4AFC45}
	EndGlobalSection
EndGlobal
