
Microsoft Visual Studio Solution File, Format Version 12.00
# Visual Studio Version 16
VisualStudioVersion = 16.0.30320.27
MinimumVisualStudioVersion = 10.0.40219.1
Project("{FAE04EC0-301F-11D3-BF4B-00C04F79EFBC}") = "exerc1014URI", "exerc1014URI\exerc1014URI.csproj", "{CCAF7EBC-C4A1-423E-BF43-4B4EB661BE4D}"
EndProject
Global
	GlobalSection(SolutionConfigurationPlatforms) = preSolution
		Debug|Any CPU = Debug|Any CPU
		Release|Any CPU = Release|Any CPU
	EndGlobalSection
	GlobalSection(ProjectConfigurationPlatforms) = postSolution
		{CCAF7EBC-C4A1-423E-BF43-4B4EB661BE4D}.Debug|Any CPU.ActiveCfg = Debug|Any CPU
		{CCAF7EBC-C4A1-423E-BF43-4B4EB661BE4D}.Debug|Any CPU.Build.0 = Debug|Any CPU
		{CCAF7EBC-C4A1-423E-BF43-4B4EB661BE4D}.Release|Any CPU.ActiveCfg = Release|Any CPU
		{CCAF7EBC-C4A1-423E-BF43-4B4EB661BE4D}.Release|Any CPU.Build.0 = Release|Any CPU
	EndGlobalSection
	GlobalSection(SolutionProperties) = preSolution
		HideSolutionNode = FALSE
	EndGlobalSection
	GlobalSection(ExtensibilityGlobals) = postSolution
		SolutionGuid = {9FFD75E5-087A-4704-94DA-95861328288A}
	EndGlobalSection
EndGlobal
