
Microsoft Visual Studio Solution File, Format Version 12.00
# Visual Studio Version 16
VisualStudioVersion = 16.0.30330.147
MinimumVisualStudioVersion = 10.0.40219.1
Project("{FAE04EC0-301F-11D3-BF4B-00C04F79EFBC}") = "exerc1155URI", "exerc1155URI\exerc1155URI.csproj", "{CBF8F87F-9AF3-401F-8102-D4F04DF826CC}"
EndProject
Global
	GlobalSection(SolutionConfigurationPlatforms) = preSolution
		Debug|Any CPU = Debug|Any CPU
		Release|Any CPU = Release|Any CPU
	EndGlobalSection
	GlobalSection(ProjectConfigurationPlatforms) = postSolution
		{CBF8F87F-9AF3-401F-8102-D4F04DF826CC}.Debug|Any CPU.ActiveCfg = Debug|Any CPU
		{CBF8F87F-9AF3-401F-8102-D4F04DF826CC}.Debug|Any CPU.Build.0 = Debug|Any CPU
		{CBF8F87F-9AF3-401F-8102-D4F04DF826CC}.Release|Any CPU.ActiveCfg = Release|Any CPU
		{CBF8F87F-9AF3-401F-8102-D4F04DF826CC}.Release|Any CPU.Build.0 = Release|Any CPU
	EndGlobalSection
	GlobalSection(SolutionProperties) = preSolution
		HideSolutionNode = FALSE
	EndGlobalSection
	GlobalSection(ExtensibilityGlobals) = postSolution
		SolutionGuid = {35A22B61-2417-42B2-B670-AF8D162AB384}
	EndGlobalSection
EndGlobal
