
Microsoft Visual Studio Solution File, Format Version 12.00
# Visual Studio Version 16
VisualStudioVersion = 16.0.30320.27
MinimumVisualStudioVersion = 10.0.40219.1
Project("{FAE04EC0-301F-11D3-BF4B-00C04F79EFBC}") = "exerc1015URI", "exerc1015URI\exerc1015URI.csproj", "{42DFC044-D9AA-479D-925A-A1F378AE1C93}"
EndProject
Global
	GlobalSection(SolutionConfigurationPlatforms) = preSolution
		Debug|Any CPU = Debug|Any CPU
		Release|Any CPU = Release|Any CPU
	EndGlobalSection
	GlobalSection(ProjectConfigurationPlatforms) = postSolution
		{42DFC044-D9AA-479D-925A-A1F378AE1C93}.Debug|Any CPU.ActiveCfg = Debug|Any CPU
		{42DFC044-D9AA-479D-925A-A1F378AE1C93}.Debug|Any CPU.Build.0 = Debug|Any CPU
		{42DFC044-D9AA-479D-925A-A1F378AE1C93}.Release|Any CPU.ActiveCfg = Release|Any CPU
		{42DFC044-D9AA-479D-925A-A1F378AE1C93}.Release|Any CPU.Build.0 = Release|Any CPU
	EndGlobalSection
	GlobalSection(SolutionProperties) = preSolution
		HideSolutionNode = FALSE
	EndGlobalSection
	GlobalSection(ExtensibilityGlobals) = postSolution
		SolutionGuid = {2141875D-513A-4051-8192-B6EA9DF9C9E5}
	EndGlobalSection
EndGlobal
