
Microsoft Visual Studio Solution File, Format Version 12.00
# Visual Studio Version 16
VisualStudioVersion = 16.0.30330.147
MinimumVisualStudioVersion = 10.0.40219.1
Project("{FAE04EC0-301F-11D3-BF4B-00C04F79EFBC}") = "exercPropostVet01", "exercPropostVet01\exercPropostVet01.csproj", "{09A5ACB0-6316-4653-B2FA-06F9FD191E3A}"
EndProject
Global
	GlobalSection(SolutionConfigurationPlatforms) = preSolution
		Debug|Any CPU = Debug|Any CPU
		Release|Any CPU = Release|Any CPU
	EndGlobalSection
	GlobalSection(ProjectConfigurationPlatforms) = postSolution
		{09A5ACB0-6316-4653-B2FA-06F9FD191E3A}.Debug|Any CPU.ActiveCfg = Debug|Any CPU
		{09A5ACB0-6316-4653-B2FA-06F9FD191E3A}.Debug|Any CPU.Build.0 = Debug|Any CPU
		{09A5ACB0-6316-4653-B2FA-06F9FD191E3A}.Release|Any CPU.ActiveCfg = Release|Any CPU
		{09A5ACB0-6316-4653-B2FA-06F9FD191E3A}.Release|Any CPU.Build.0 = Release|Any CPU
	EndGlobalSection
	GlobalSection(SolutionProperties) = preSolution
		HideSolutionNode = FALSE
	EndGlobalSection
	GlobalSection(ExtensibilityGlobals) = postSolution
		SolutionGuid = {C641B317-DFC5-46AA-B5D0-259ADFE85E0B}
	EndGlobalSection
EndGlobal
