
Microsoft Visual Studio Solution File, Format Version 12.00
# Visual Studio Version 16
VisualStudioVersion = 16.0.30330.147
MinimumVisualStudioVersion = 10.0.40219.1
Project("{FAE04EC0-301F-11D3-BF4B-00C04F79EFBC}") = "exercPropostVet07", "exercPropostVet07\exercPropostVet07.csproj", "{1C09D3A1-75CE-4D24-AFB3-666062FAC8D6}"
EndProject
Global
	GlobalSection(SolutionConfigurationPlatforms) = preSolution
		Debug|Any CPU = Debug|Any CPU
		Release|Any CPU = Release|Any CPU
	EndGlobalSection
	GlobalSection(ProjectConfigurationPlatforms) = postSolution
		{1C09D3A1-75CE-4D24-AFB3-666062FAC8D6}.Debug|Any CPU.ActiveCfg = Debug|Any CPU
		{1C09D3A1-75CE-4D24-AFB3-666062FAC8D6}.Debug|Any CPU.Build.0 = Debug|Any CPU
		{1C09D3A1-75CE-4D24-AFB3-666062FAC8D6}.Release|Any CPU.ActiveCfg = Release|Any CPU
		{1C09D3A1-75CE-4D24-AFB3-666062FAC8D6}.Release|Any CPU.Build.0 = Release|Any CPU
	EndGlobalSection
	GlobalSection(SolutionProperties) = preSolution
		HideSolutionNode = FALSE
	EndGlobalSection
	GlobalSection(ExtensibilityGlobals) = postSolution
		SolutionGuid = {FF52DCB4-7451-4563-B164-9B5282162A0B}
	EndGlobalSection
EndGlobal
