
Microsoft Visual Studio Solution File, Format Version 12.00
# Visual Studio Version 16
VisualStudioVersion = 16.0.30330.147
MinimumVisualStudioVersion = 10.0.40219.1
Project("{FAE04EC0-301F-11D3-BF4B-00C04F79EFBC}") = "exerc1073URI", "exerc1073URI\exerc1073URI.csproj", "{A7DF14CA-FB8C-45A9-AA61-97CB4F0E384C}"
EndProject
Global
	GlobalSection(SolutionConfigurationPlatforms) = preSolution
		Debug|Any CPU = Debug|Any CPU
		Release|Any CPU = Release|Any CPU
	EndGlobalSection
	GlobalSection(ProjectConfigurationPlatforms) = postSolution
		{A7DF14CA-FB8C-45A9-AA61-97CB4F0E384C}.Debug|Any CPU.ActiveCfg = Debug|Any CPU
		{A7DF14CA-FB8C-45A9-AA61-97CB4F0E384C}.Debug|Any CPU.Build.0 = Debug|Any CPU
		{A7DF14CA-FB8C-45A9-AA61-97CB4F0E384C}.Release|Any CPU.ActiveCfg = Release|Any CPU
		{A7DF14CA-FB8C-45A9-AA61-97CB4F0E384C}.Release|Any CPU.Build.0 = Release|Any CPU
	EndGlobalSection
	GlobalSection(SolutionProperties) = preSolution
		HideSolutionNode = FALSE
	EndGlobalSection
	GlobalSection(ExtensibilityGlobals) = postSolution
		SolutionGuid = {FF9A6C7D-21A3-4DC4-9804-59F2B5119F7F}
	EndGlobalSection
EndGlobal
