
Microsoft Visual Studio Solution File, Format Version 12.00
# Visual Studio Version 16
VisualStudioVersion = 16.0.30330.147
MinimumVisualStudioVersion = 10.0.40219.1
Project("{FAE04EC0-301F-11D3-BF4B-00C04F79EFBC}") = "exerc1116URI", "exerc1116URI\exerc1116URI.csproj", "{C9EFE46C-8D36-459C-9532-1510808367AD}"
EndProject
Global
	GlobalSection(SolutionConfigurationPlatforms) = preSolution
		Debug|Any CPU = Debug|Any CPU
		Release|Any CPU = Release|Any CPU
	EndGlobalSection
	GlobalSection(ProjectConfigurationPlatforms) = postSolution
		{C9EFE46C-8D36-459C-9532-1510808367AD}.Debug|Any CPU.ActiveCfg = Debug|Any CPU
		{C9EFE46C-8D36-459C-9532-1510808367AD}.Debug|Any CPU.Build.0 = Debug|Any CPU
		{C9EFE46C-8D36-459C-9532-1510808367AD}.Release|Any CPU.ActiveCfg = Release|Any CPU
		{C9EFE46C-8D36-459C-9532-1510808367AD}.Release|Any CPU.Build.0 = Release|Any CPU
	EndGlobalSection
	GlobalSection(SolutionProperties) = preSolution
		HideSolutionNode = FALSE
	EndGlobalSection
	GlobalSection(ExtensibilityGlobals) = postSolution
		SolutionGuid = {E06DB70E-56D6-4C9F-A242-8BF8DB4C1406}
	EndGlobalSection
EndGlobal
