
Microsoft Visual Studio Solution File, Format Version 12.00
# Visual Studio Version 16
VisualStudioVersion = 16.0.30330.147
MinimumVisualStudioVersion = 10.0.40219.1
Project("{FAE04EC0-301F-11D3-BF4B-00C04F79EFBC}") = "exerc1072URI", "exerc1072URI\exerc1072URI.csproj", "{33EDEEE4-44D3-463E-A7E8-0F7FA990115C}"
EndProject
Global
	GlobalSection(SolutionConfigurationPlatforms) = preSolution
		Debug|Any CPU = Debug|Any CPU
		Release|Any CPU = Release|Any CPU
	EndGlobalSection
	GlobalSection(ProjectConfigurationPlatforms) = postSolution
		{33EDEEE4-44D3-463E-A7E8-0F7FA990115C}.Debug|Any CPU.ActiveCfg = Debug|Any CPU
		{33EDEEE4-44D3-463E-A7E8-0F7FA990115C}.Debug|Any CPU.Build.0 = Debug|Any CPU
		{33EDEEE4-44D3-463E-A7E8-0F7FA990115C}.Release|Any CPU.ActiveCfg = Release|Any CPU
		{33EDEEE4-44D3-463E-A7E8-0F7FA990115C}.Release|Any CPU.Build.0 = Release|Any CPU
	EndGlobalSection
	GlobalSection(SolutionProperties) = preSolution
		HideSolutionNode = FALSE
	EndGlobalSection
	GlobalSection(ExtensibilityGlobals) = postSolution
		SolutionGuid = {A210D7F2-AC7B-4141-8F50-29A4557AD5BC}
	EndGlobalSection
EndGlobal
