
Microsoft Visual Studio Solution File, Format Version 12.00
# Visual Studio Version 16
VisualStudioVersion = 16.0.30320.27
MinimumVisualStudioVersion = 10.0.40219.1
Project("{FAE04EC0-301F-11D3-BF4B-00C04F79EFBC}") = "exerc1019URI", "exerc1019URI\exerc1019URI.csproj", "{B88DC9CA-276D-4330-B2C0-E3F66FD24D51}"
EndProject
Global
	GlobalSection(SolutionConfigurationPlatforms) = preSolution
		Debug|Any CPU = Debug|Any CPU
		Release|Any CPU = Release|Any CPU
	EndGlobalSection
	GlobalSection(ProjectConfigurationPlatforms) = postSolution
		{B88DC9CA-276D-4330-B2C0-E3F66FD24D51}.Debug|Any CPU.ActiveCfg = Debug|Any CPU
		{B88DC9CA-276D-4330-B2C0-E3F66FD24D51}.Debug|Any CPU.Build.0 = Debug|Any CPU
		{B88DC9CA-276D-4330-B2C0-E3F66FD24D51}.Release|Any CPU.ActiveCfg = Release|Any CPU
		{B88DC9CA-276D-4330-B2C0-E3F66FD24D51}.Release|Any CPU.Build.0 = Release|Any CPU
	EndGlobalSection
	GlobalSection(SolutionProperties) = preSolution
		HideSolutionNode = FALSE
	EndGlobalSection
	GlobalSection(ExtensibilityGlobals) = postSolution
		SolutionGuid = {C299CDCD-20AD-455A-A022-0B5BD7C6E1A0}
	EndGlobalSection
EndGlobal
